// !$*UTF8*$!
{
	archiveVersion = 1;
	classes = {
	};
	objectVersion = 50;
	objects = {

/* Begin PBXBuildFile section */
		BD3F85E423F6353C00CFB1D2 /* AppDelegate.swift in Sources */ = {isa = PBXBuildFile; fileRef = BD3F85E323F6353C00CFB1D2 /* AppDelegate.swift */; };
		BD3F85E623F6353C00CFB1D2 /* SceneDelegate.swift in Sources */ = {isa = PBXBuildFile; fileRef = BD3F85E523F6353C00CFB1D2 /* SceneDelegate.swift */; };
		BD3F85E823F6353C00CFB1D2 /* ViewController.swift in Sources */ = {isa = PBXBuildFile; fileRef = BD3F85E723F6353C00CFB1D2 /* ViewController.swift */; };
		BD3F85EB23F6353C00CFB1D2 /* Main.storyboard in Resources */ = {isa = PBXBuildFile; fileRef = BD3F85E923F6353C00CFB1D2 /* Main.storyboard */; };
		BD3F85ED23F6353E00CFB1D2 /* Assets.xcassets in Resources */ = {isa = PBXBuildFile; fileRef = BD3F85EC23F6353E00CFB1D2 /* Assets.xcassets */; };
		BD3F85F023F6353E00CFB1D2 /* LaunchScreen.storyboard in Resources */ = {isa = PBXBuildFile; fileRef = BD3F85EE23F6353E00CFB1D2 /* LaunchScreen.storyboard */; };
		BD3F85FB23F6353E00CFB1D2 /* LineDottyTests.swift in Sources */ = {isa = PBXBuildFile; fileRef = BD3F85FA23F6353E00CFB1D2 /* LineDottyTests.swift */; };
/* End PBXBuildFile section */

/* Begin PBXContainerItemProxy section */
		BD3F85F723F6353E00CFB1D2 /* PBXContainerItemProxy */ = {
			isa = PBXContainerItemProxy;
			containerPortal = BD3F85D823F6353C00CFB1D2 /* Project object */;
			proxyType = 1;
			remoteGlobalIDString = BD3F85DF23F6353C00CFB1D2;
			remoteInfo = LineDotty;
		};
/* End PBXContainerItemProxy section */

/* Begin PBXFileReference section */
		BD3F85E023F6353C00CFB1D2 /* LineDotty.app */ = {isa = PBXFileReference; explicitFileType = wrapper.application; includeInIndex = 0; path = LineDotty.app; sourceTree = BUILT_PRODUCTS_DIR; };
		BD3F85E323F6353C00CFB1D2 /* AppDelegate.swift */ = {isa = PBXFileReference; lastKnownFileType = sourcecode.swift; path = AppDelegate.swift; sourceTree = "<group>"; };
		BD3F85E523F6353C00CFB1D2 /* SceneDelegate.swift */ = {isa = PBXFileReference; lastKnownFileType = sourcecode.swift; path = SceneDelegate.swift; sourceTree = "<group>"; };
		BD3F85E723F6353C00CFB1D2 /* ViewController.swift */ = {isa = PBXFileReference; lastKnownFileType = sourcecode.swift; path = ViewController.swift; sourceTree = "<group>"; };
		BD3F85EA23F6353C00CFB1D2 /* Base */ = {isa = PBXFileReference; lastKnownFileType = file.storyboard; name = Base; path = Base.lproj/Main.storyboard; sourceTree = "<group>"; };
		BD3F85EC23F6353E00CFB1D2 /* Assets.xcassets */ = {isa = PBXFileReference; lastKnownFileType = folder.assetcatalog; path = Assets.xcassets; sourceTree = "<group>"; };
		BD3F85EF23F6353E00CFB1D2 /* Base */ = {isa = PBXFileReference; lastKnownFileType = file.storyboard; name = Base; path = Base.lproj/LaunchScreen.storyboard; sourceTree = "<group>"; };
		BD3F85F123F6353E00CFB1D2 /* Info.plist */ = {isa = PBXFileReference; lastKnownFileType = text.plist.xml; path = Info.plist; sourceTree = "<group>"; };
		BD3F85F623F6353E00CFB1D2 /* LineDottyTests.xctest */ = {isa = PBXFileReference; explicitFileType = wrapper.cfbundle; includeInIndex = 0; path = LineDottyTests.xctest; sourceTree = BUILT_PRODUCTS_DIR; };
		BD3F85FA23F6353E00CFB1D2 /* LineDottyTests.swift */ = {isa = PBXFileReference; lastKnownFileType = sourcecode.swift; path = LineDottyTests.swift; sourceTree = "<group>"; };
		BD3F85FC23F6353E00CFB1D2 /* Info.plist */ = {isa = PBXFileReference; lastKnownFileType = text.plist.xml; path = Info.plist; sourceTree = "<group>"; };
/* End PBXFileReference section */

/* Begin PBXFrameworksBuildPhase section */
		BD3F85DD23F6353C00CFB1D2 /* Frameworks */ = {
			isa = PBXFrameworksBuildPhase;
			buildActionMask = 2147483647;
			files = (
			);
			runOnlyForDeploymentPostprocessing = 0;
		};
		BD3F85F323F6353E00CFB1D2 /* Frameworks */ = {
			isa = PBXFrameworksBuildPhase;
			buildActionMask = 2147483647;
			files = (
			);
			runOnlyForDeploymentPostprocessing = 0;
		};
/* End PBXFrameworksBuildPhase section */

/* Begin PBXGroup section */
		BD3F85D723F6353C00CFB1D2 = {
			isa = PBXGroup;
			children = (
				BD3F85E223F6353C00CFB1D2 /* LineDotty */,
				BD3F85F923F6353E00CFB1D2 /* LineDottyTests */,
				BD3F85E123F6353C00CFB1D2 /* Products */,
			);
			sourceTree = "<group>";
		};
		BD3F85E123F6353C00CFB1D2 /* Products */ = {
			isa = PBXGroup;
			children = (
				BD3F85E023F6353C00CFB1D2 /* LineDotty.app */,
				BD3F85F623F6353E00CFB1D2 /* LineDottyTests.xctest */,
			);
			name = Products;
			sourceTree = "<group>";
		};
		BD3F85E223F6353C00CFB1D2 /* LineDotty */ = {
			isa = PBXGroup;
			children = (
				BD3F85E323F6353C00CFB1D2 /* AppDelegate.swift */,
				BD3F85E523F6353C00CFB1D2 /* SceneDelegate.swift */,
				BD3F85E723F6353C00CFB1D2 /* ViewController.swift */,
				BD3F85E923F6353C00CFB1D2 /* Main.storyboard */,
				BD3F85EC23F6353E00CFB1D2 /* Assets.xcassets */,
				BD3F85EE23F6353E00CFB1D2 /* LaunchScreen.storyboard */,
				BD3F85F123F6353E00CFB1D2 /* Info.plist */,
			);
			path = LineDotty;
			sourceTree = "<group>";
		};
		BD3F85F923F6353E00CFB1D2 /* LineDottyTests */ = {
			isa = PBXGroup;
			children = (
				BD3F85FA23F6353E00CFB1D2 /* LineDottyTests.swift */,
				BD3F85FC23F6353E00CFB1D2 /* Info.plist */,
			);
			path = LineDottyTests;
			sourceTree = "<group>";
		};
/* End PBXGroup section */

/* Begin PBXNativeTarget section */
		BD3F85DF23F6353C00CFB1D2 /* LineDotty */ = {
			isa = PBXNativeTarget;
			buildConfigurationList = BD3F85FF23F6353E00CFB1D2 /* Build configuration list for PBXNativeTarget "LineDotty" */;
			buildPhases = (
				BD3F85DC23F6353C00CFB1D2 /* Sources */,
				BD3F85DD23F6353C00CFB1D2 /* Frameworks */,
				BD3F85DE23F6353C00CFB1D2 /* Resources */,
			);
			buildRules = (
			);
			dependencies = (
			);
			name = LineDotty;
			productName = LineDotty;
			productReference = BD3F85E023F6353C00CFB1D2 /* LineDotty.app */;
			productType = "com.apple.product-type.application";
		};
		BD3F85F523F6353E00CFB1D2 /* LineDottyTests */ = {
			isa = PBXNativeTarget;
			buildConfigurationList = BD3F860223F6353E00CFB1D2 /* Build configuration list for PBXNativeTarget "LineDottyTests" */;
			buildPhases = (
				BD3F85F223F6353E00CFB1D2 /* Sources */,
				BD3F85F323F6353E00CFB1D2 /* Frameworks */,
				BD3F85F423F6353E00CFB1D2 /* Resources */,
			);
			buildRules = (
			);
			dependencies = (
				BD3F85F823F6353E00CFB1D2 /* PBXTargetDependency */,
			);
			name = LineDottyTests;
			productName = LineDottyTests;
			productReference = BD3F85F623F6353E00CFB1D2 /* LineDottyTests.xctest */;
			productType = "com.apple.product-type.bundle.unit-test";
		};
/* End PBXNativeTarget section */

/* Begin PBXProject section */
		BD3F85D823F6353C00CFB1D2 /* Project object */ = {
			isa = PBXProject;
			attributes = {
				LastSwiftUpdateCheck = 1120;
				LastUpgradeCheck = 1120;
				ORGANIZATIONNAME = "Fernando Martin Garcia Del Angel";
				TargetAttributes = {
					BD3F85DF23F6353C00CFB1D2 = {
						CreatedOnToolsVersion = 11.2;
					};
					BD3F85F523F6353E00CFB1D2 = {
						CreatedOnToolsVersion = 11.2;
						TestTargetID = BD3F85DF23F6353C00CFB1D2;
					};
				};
			};
			buildConfigurationList = BD3F85DB23F6353C00CFB1D2 /* Build configuration list for PBXProject "LineDotty" */;
			compatibilityVersion = "Xcode 9.3";
			developmentRegion = en;
			hasScannedForEncodings = 0;
			knownRegions = (
				en,
				Base,
			);
			mainGroup = BD3F85D723F6353C00CFB1D2;
			productRefGroup = BD3F85E123F6353C00CFB1D2 /* Products */;
			projectDirPath = "";
			projectRoot = "";
			targets = (
				BD3F85DF23F6353C00CFB1D2 /* LineDotty */,
				BD3F85F523F6353E00CFB1D2 /* LineDottyTests */,
			);
		};
/* End PBXProject section */

/* Begin PBXResourcesBuildPhase section */
		BD3F85DE23F6353C00CFB1D2 /* Resources */ = {
			isa = PBXResourcesBuildPhase;
			buildActionMask = 2147483647;
			files = (
				BD3F85F023F6353E00CFB1D2 /* LaunchScreen.storyboard in Resources */,
				BD3F85ED23F6353E00CFB1D2 /* Assets.xcassets in Resources */,
				BD3F85EB23F6353C00CFB1D2 /* Main.storyboard in Resources */,
			);
			runOnlyForDeploymentPostprocessing = 0;
		};
		BD3F85F423F6353E00CFB1D2 /* Resources */ = {
			isa = PBXResourcesBuildPhase;
			buildActionMask = 2147483647;
			files = (
			);
			runOnlyForDeploymentPostprocessing = 0;
		};
/* End PBXResourcesBuildPhase section */

/* Begin PBXSourcesBuildPhase section */
		BD3F85DC23F6353C00CFB1D2 /* Sources */ = {
			isa = PBXSourcesBuildPhase;
			buildActionMask = 2147483647;
			files = (
				BD3F85E823F6353C00CFB1D2 /* ViewController.swift in Sources */,
				BD3F85E423F6353C00CFB1D2 /* AppDelegate.swift in Sources */,
				BD3F85E623F6353C00CFB1D2 /* SceneDelegate.swift in Sources */,
			);
			runOnlyForDeploymentPostprocessing = 0;
		};
		BD3F85F223F6353E00CFB1D2 /* Sources */ = {
			isa = PBXSourcesBuildPhase;
			buildActionMask = 2147483647;
			files = (
				BD3F85FB23F6353E00CFB1D2 /* LineDottyTests.swift in Sources */,
			);
			runOnlyForDeploymentPostprocessing = 0;
		};
/* End PBXSourcesBuildPhase section */

/* Begin PBXTargetDependency section */
		BD3F85F823F6353E00CFB1D2 /* PBXTargetDependency */ = {
			isa = PBXTargetDependency;
			target = BD3F85DF23F6353C00CFB1D2 /* LineDotty */;
			targetProxy = BD3F85F723F6353E00CFB1D2 /* PBXContainerItemProxy */;
		};
/* End PBXTargetDependency section */

/* Begin PBXVariantGroup section */
		BD3F85E923F6353C00CFB1D2 /* Main.storyboard */ = {
			isa = PBXVariantGroup;
			children = (
				BD3F85EA23F6353C00CFB1D2 /* Base */,
			);
			name = Main.storyboard;
			sourceTree = "<group>";
		};
		BD3F85EE23F6353E00CFB1D2 /* LaunchScreen.storyboard */ = {
			isa = PBXVariantGroup;
			children = (
				BD3F85EF23F6353E00CFB1D2 /* Base */,
			);
			name = LaunchScreen.storyboard;
			sourceTree = "<group>";
		};
/* End PBXVariantGroup section */

/* Begin XCBuildConfiguration section */
		BD3F85FD23F6353E00CFB1D2 /* Debug */ = {
			isa = XCBuildConfiguration;
			buildSettings = {
				ALWAYS_SEARCH_USER_PATHS = NO;
				CLANG_ANALYZER_NONNULL = YES;
				CLANG_ANALYZER_NUMBER_OBJECT_CONVERSION = YES_AGGRESSIVE;
				CLANG_CXX_LANGUAGE_STANDARD = "gnu++14";
				CLANG_CXX_LIBRARY = "libc++";
				CLANG_ENABLE_MODULES = YES;
				CLANG_ENABLE_OBJC_ARC = YES;
				CLANG_ENABLE_OBJC_WEAK = YES;
				CLANG_WARN_BLOCK_CAPTURE_AUTORELEASING = YES;
				CLANG_WARN_BOOL_CONVERSION = YES;
				CLANG_WARN_COMMA = YES;
				CLANG_WARN_CONSTANT_CONVERSION = YES;
				CLANG_WARN_DEPRECATED_OBJC_IMPLEMENTATIONS = YES;
				CLANG_WARN_DIRECT_OBJC_ISA_USAGE = YES_ERROR;
				CLANG_WARN_DOCUMENTATION_COMMENTS = YES;
				CLANG_WARN_EMPTY_BODY = YES;
				CLANG_WARN_ENUM_CONVERSION = YES;
				CLANG_WARN_INFINITE_RECURSION = YES;
				CLANG_WARN_INT_CONVERSION = YES;
				CLANG_WARN_NON_LITERAL_NULL_CONVERSION = YES;
				CLANG_WARN_OBJC_IMPLICIT_RETAIN_SELF = YES;
				CLANG_WARN_OBJC_LITERAL_CONVERSION = YES;
				CLANG_WARN_OBJC_ROOT_CLASS = YES_ERROR;
				CLANG_WARN_RANGE_LOOP_ANALYSIS = YES;
				CLANG_WARN_STRICT_PROTOTYPES = YES;
				CLANG_WARN_SUSPICIOUS_MOVE = YES;
				CLANG_WARN_UNGUARDED_AVAILABILITY = YES_AGGRESSIVE;
				CLANG_WARN_UNREACHABLE_CODE = YES;
				CLANG_WARN__DUPLICATE_METHOD_MATCH = YES;
				COPY_PHASE_STRIP = NO;
				DEBUG_INFORMATION_FORMAT = dwarf;
				ENABLE_STRICT_OBJC_MSGSEND = YES;
				ENABLE_TESTABILITY = YES;
				GCC_C_LANGUAGE_STANDARD = gnu11;
				GCC_DYNAMIC_NO_PIC = NO;
				GCC_NO_COMMON_BLOCKS = YES;
				GCC_OPTIMIZATION_LEVEL = 0;
				GCC_PREPROCESSOR_DEFINITIONS = (
					"DEBUG=1",
					"$(inherited)",
				);
				GCC_WARN_64_TO_32_BIT_CONVERSION = YES;
				GCC_WARN_ABOUT_RETURN_TYPE = YES_ERROR;
				GCC_WARN_UNDECLARED_SELECTOR = YES;
				GCC_WARN_UNINITIALIZED_AUTOS = YES_AGGRESSIVE;
				GCC_WARN_UNUSED_FUNCTION = YES;
				GCC_WARN_UNUSED_VARIABLE = YES;
				IPHONEOS_DEPLOYMENT_TARGET = 13.2;
				MTL_ENABLE_DEBUG_INFO = INCLUDE_SOURCE;
				MTL_FAST_MATH = YES;
				ONLY_ACTIVE_ARCH = YES;
				SDKROOT = iphoneos;
				SWIFT_ACTIVE_COMPILATION_CONDITIONS = DEBUG;
				SWIFT_OPTIMIZATION_LEVEL = "-Onone";
			};
			name = Debug;
		};
		BD3F85FE23F6353E00CFB1D2 /* Release */ = {
			isa = XCBuildConfiguration;
			buildSettings = {
				ALWAYS_SEARCH_USER_PATHS = NO;
				CLANG_ANALYZER_NONNULL = YES;
				CLANG_ANALYZER_NUMBER_OBJECT_CONVERSION = YES_AGGRESSIVE;
				CLANG_CXX_LANGUAGE_STANDARD = "gnu++14";
				CLANG_CXX_LIBRARY = "libc++";
				CLANG_ENABLE_MODULES = YES;
				CLANG_ENABLE_OBJC_ARC = YES;
				CLANG_ENABLE_OBJC_WEAK = YES;
				CLANG_WARN_BLOCK_CAPTURE_AUTORELEASING = YES;
				CLANG_WARN_BOOL_CONVERSION = YES;
				CLANG_WARN_COMMA = YES;
				CLANG_WARN_CONSTANT_CONVERSION = YES;
				CLANG_WARN_DEPRECATED_OBJC_IMPLEMENTATIONS = YES;
				CLANG_WARN_DIRECT_OBJC_ISA_USAGE = YES_ERROR;
				CLANG_WARN_DOCUMENTATION_COMMENTS = YES;
				CLANG_WARN_EMPTY_BODY = YES;
				CLANG_WARN_ENUM_CONVERSION = YES;
				CLANG_WARN_INFINITE_RECURSION = YES;
				CLANG_WARN_INT_CONVERSION = YES;
				CLANG_WARN_NON_LITERAL_NULL_CONVERSION = YES;
				CLANG_WARN_OBJC_IMPLICIT_RETAIN_SELF = YES;
				CLANG_WARN_OBJC_LITERAL_CONVERSION = YES;
				CLANG_WARN_OBJC_ROOT_CLASS = YES_ERROR;
				CLANG_WARN_RANGE_LOOP_ANALYSIS = YES;
				CLANG_WARN_STRICT_PROTOTYPES = YES;
				CLANG_WARN_SUSPICIOUS_MOVE = YES;
				CLANG_WARN_UNGUARDED_AVAILABILITY = YES_AGGRESSIVE;
				CLANG_WARN_UNREACHABLE_CODE = YES;
				CLANG_WARN__DUPLICATE_METHOD_MATCH = YES;
				COPY_PHASE_STRIP = NO;
				DEBUG_INFORMATION_FORMAT = "dwarf-with-dsym";
				ENABLE_NS_ASSERTIONS = NO;
				ENABLE_STRICT_OBJC_MSGSEND = YES;
				GCC_C_LANGUAGE_STANDARD = gnu11;
				GCC_NO_COMMON_BLOCKS = YES;
				GCC_WARN_64_TO_32_BIT_CONVERSION = YES;
				GCC_WARN_ABOUT_RETURN_TYPE = YES_ERROR;
				GCC_WARN_UNDECLARED_SELECTOR = YES;
				GCC_WARN_UNINITIALIZED_AUTOS = YES_AGGRESSIVE;
				GCC_WARN_UNUSED_FUNCTION = YES;
				GCC_WARN_UNUSED_VARIABLE = YES;
				IPHONEOS_DEPLOYMENT_TARGET = 13.2;
				MTL_ENABLE_DEBUG_INFO = NO;
				MTL_FAST_MATH = YES;
				SDKROOT = iphoneos;
				SWIFT_COMPILATION_MODE = wholemodule;
				SWIFT_OPTIMIZATION_LEVEL = "-O";
				VALIDATE_PRODUCT = YES;
			};
			name = Release;
		};
		BD3F860023F6353E00CFB1D2 /* Debug */ = {
			isa = XCBuildConfiguration;
			buildSettings = {
				ASSETCATALOG_COMPILER_APPICON_NAME = AppIcon;
				CODE_SIGN_STYLE = Automatic;
				DEVELOPMENT_TEAM = R935X42Z66;
				INFOPLIST_FILE = LineDotty/Info.plist;
				LD_RUNPATH_SEARCH_PATHS = (
					"$(inherited)",
					"@executable_path/Frameworks",
				);
				PRODUCT_BUNDLE_IDENTIFIER = com.martntn.LineDotty;
				PRODUCT_NAME = "$(TARGET_NAME)";
				SWIFT_VERSION = 5.0;
				TARGETED_DEVICE_FAMILY = "1,2";
			};
			name = Debug;
		};
		BD3F860123F6353E00CFB1D2 /* Release */ = {
			isa = XCBuildConfiguration;
			buildSettings = {
				ASSETCATALOG_COMPILER_APPICON_NAME = AppIcon;
				CODE_SIGN_STYLE = Automatic;
				DEVELOPMENT_TEAM = R935X42Z66;
				INFOPLIST_FILE = LineDotty/Info.plist;
				LD_RUNPATH_SEARCH_PATHS = (
					"$(inherited)",
					"@executable_path/Frameworks",
				);
				PRODUCT_BUNDLE_IDENTIFIER = com.martntn.LineDotty;
				PRODUCT_NAME = "$(TARGET_NAME)";
				SWIFT_VERSION = 5.0;
				TARGETED_DEVICE_FAMILY = "1,2";
			};
			name = Release;
		};
		BD3F860323F6353E00CFB1D2 /* Debug */ = {
			isa = XCBuildConfiguration;
			buildSettings = {
				ALWAYS_EMBED_SWIFT_STANDARD_LIBRARIES = YES;
				BUNDLE_LOADER = "$(TEST_HOST)";
				CODE_SIGN_STYLE = Automatic;
				DEVELOPMENT_TEAM = R935X42Z66;
				INFOPLIST_FILE = LineDottyTests/Info.plist;
				IPHONEOS_DEPLOYMENT_TARGET = 13.2;
				LD_RUNPATH_SEARCH_PATHS = (
					"$(inherited)",
					"@executable_path/Frameworks",
					"@loader_path/Frameworks",
				);
				PRODUCT_BUNDLE_IDENTIFIER = com.martntn.LineDottyTests;
				PRODUCT_NAME = "$(TARGET_NAME)";
				SWIFT_VERSION = 5.0;
				TARGETED_DEVICE_FAMILY = "1,2";
				TEST_HOST = "$(BUILT_PRODUCTS_DIR)/LineDotty.app/LineDotty";
			};
			name = Debug;
		};
		BD3F860423F6353E00CFB1D2 /* Release */ = {
			isa = XCBuildConfiguration;
			buildSettings = {
				ALWAYS_EMBED_SWIFT_STANDARD_LIBRARIES = YES;
				BUNDLE_LOADER = "$(TEST_HOST)";
				CODE_SIGN_STYLE = Automatic;
				DEVELOPMENT_TEAM = R935X42Z66;
				INFOPLIST_FILE = LineDottyTests/Info.plist;
				IPHONEOS_DEPLOYMENT_TARGET = 13.2;
				LD_RUNPATH_SEARCH_PATHS = (
					"$(inherited)",
					"@executable_path/Frameworks",
					"@loader_path/Frameworks",
				);
				PRODUCT_BUNDLE_IDENTIFIER = com.martntn.LineDottyTests;
				PRODUCT_NAME = "$(TARGET_NAME)";
				SWIFT_VERSION = 5.0;
				TARGETED_DEVICE_FAMILY = "1,2";
				TEST_HOST = "$(BUILT_PRODUCTS_DIR)/LineDotty.app/LineDotty";
			};
			name = Release;
		};
/* End XCBuildConfiguration section */

/* Begin XCConfigurationList section */
		BD3F85DB23F6353C00CFB1D2 /* Build configuration list for PBXProject "LineDotty" */ = {
			isa = XCConfigurationList;
			buildConfigurations = (
				BD3F85FD23F6353E00CFB1D2 /* Debug */,
				BD3F85FE23F6353E00CFB1D2 /* Release */,
			);
			defaultConfigurationIsVisible = 0;
			defaultConfigurationName = Release;
		};
		BD3F85FF23F6353E00CFB1D2 /* Build configuration list for PBXNativeTarget "LineDotty" */ = {
			isa = XCConfigurationList;
			buildConfigurations = (
				BD3F860023F6353E00CFB1D2 /* Debug */,
				BD3F860123F6353E00CFB1D2 /* Release */,
			);
			defaultConfigurationIsVisible = 0;
			defaultConfigurationName = Release;
		};
		BD3F860223F6353E00CFB1D2 /* Build configuration list for PBXNativeTarget "LineDottyTests" */ = {
			isa = XCConfigurationList;
			buildConfigurations = (
				BD3F860323F6353E00CFB1D2 /* Debug */,
				BD3F860423F6353E00CFB1D2 /* Release */,
			);
			defaultConfigurationIsVisible = 0;
			defaultConfigurationName = Release;
		};
/* End XCConfigurationList section */
	};
	rootObject = BD3F85D823F6353C00CFB1D2 /* Project object */;
}
